
Microsoft Visual Studio Solution File, Format Version 12.00
Project("{FAE04EC0-301F-11D3-BF4B-00C04F79EFBC}") = "BeeEngine.Core", "BeeEngine.Core\BeeEngine.Core.csproj", "{8AF832EE-B7BF-4889-ACA4-A14D272EE3F1}"
EndProject
Project("{FAE04EC0-301F-11D3-BF4B-00C04F79EFBC}") = "BeeEngine.NativeBridge", "BeeEngine.NativeBridge\BeeEngine.NativeBridge.csproj", "{B07FD07B-E249-427A-9399-83ED1312D017}"
EndProject
Global
	GlobalSection(SolutionConfigurationPlatforms) = preSolution
		Debug|Any CPU = Debug|Any CPU
		Release|Any CPU = Release|Any CPU
	EndGlobalSection
	GlobalSection(ProjectConfigurationPlatforms) = postSolution
		{8AF832EE-B7BF-4889-ACA4-A14D272EE3F1}.Debug|Any CPU.ActiveCfg = Debug|Any CPU
		{8AF832EE-B7BF-4889-ACA4-A14D272EE3F1}.Debug|Any CPU.Build.0 = Debug|Any CPU
		{8AF832EE-B7BF-4889-ACA4-A14D272EE3F1}.Release|Any CPU.ActiveCfg = Release|Any CPU
		{8AF832EE-B7BF-4889-ACA4-A14D272EE3F1}.Release|Any CPU.Build.0 = Release|Any CPU
		{B07FD07B-E249-427A-9399-83ED1312D017}.Debug|Any CPU.ActiveCfg = Debug|Any CPU
		{B07FD07B-E249-427A-9399-83ED1312D017}.Debug|Any CPU.Build.0 = Debug|Any CPU
		{B07FD07B-E249-427A-9399-83ED1312D017}.Release|Any CPU.ActiveCfg = Release|Any CPU
		{B07FD07B-E249-427A-9399-83ED1312D017}.Release|Any CPU.Build.0 = Release|Any CPU
	EndGlobalSection
EndGlobal
